
Microsoft Visual Studio Solution File, Format Version 12.00
# Visual Studio 15
VisualStudioVersion = 15.0.27703.2000
MinimumVisualStudioVersion = 10.0.40219.1
Project("{FAE04EC0-301F-11D3-BF4B-00C04F79EFBC}") = "methods", "methods\methods.csproj", "{6EDD40F8-2386-4D7F-9546-DB211B45B69B}"
EndProject
Global
	GlobalSection(SolutionConfigurationPlatforms) = preSolution
		Debug|Any CPU = Debug|Any CPU
		Release|Any CPU = Release|Any CPU
	EndGlobalSection
	GlobalSection(ProjectConfigurationPlatforms) = postSolution
		{6EDD40F8-2386-4D7F-9546-DB211B45B69B}.Debug|Any CPU.ActiveCfg = Debug|Any CPU
		{6EDD40F8-2386-4D7F-9546-DB211B45B69B}.Debug|Any CPU.Build.0 = Debug|Any CPU
		{6EDD40F8-2386-4D7F-9546-DB211B45B69B}.Release|Any CPU.ActiveCfg = Release|Any CPU
		{6EDD40F8-2386-4D7F-9546-DB211B45B69B}.Release|Any CPU.Build.0 = Release|Any CPU
	EndGlobalSection
	GlobalSection(SolutionProperties) = preSolution
		HideSolutionNode = FALSE
	EndGlobalSection
	GlobalSection(ExtensibilityGlobals) = postSolution
		SolutionGuid = {09DC1CF6-AE3E-4B10-A619-5E0501F1CB62}
	EndGlobalSection
EndGlobal
